
Microsoft Visual Studio Solution File, Format Version 12.00
# Visual Studio 14
VisualStudioVersion = 14.0.23107.0
MinimumVisualStudioVersion = 10.0.40219.1
Project("{FAE04EC0-301F-11D3-BF4B-00C04F79EFBC}") = "tanks.CSharp.Plugins", "tanks.CSharp.Plugins.csproj", "{C6B39330-688E-EEA0-4755-0C953985E75D}"
EndProject
Project("{FAE04EC0-301F-11D3-BF4B-00C04F79EFBC}") = "tanks.CSharp", "tanks.CSharp.csproj", "{47A776B3-600E-85B1-4372-4F52C33C2417}"
EndProject
Project("{FAE04EC0-301F-11D3-BF4B-00C04F79EFBC}") = "tanks.CSharp.Editor", "tanks.CSharp.Editor.csproj", "{9C011457-352A-C6FC-96E6-709C9FD6AB7A}"
EndProject
Global
	GlobalSection(SolutionConfigurationPlatforms) = preSolution
		Debug|Any CPU = Debug|Any CPU
		Release|Any CPU = Release|Any CPU
	EndGlobalSection
	GlobalSection(ProjectConfigurationPlatforms) = postSolution
		{C6B39330-688E-EEA0-4755-0C953985E75D}.Debug|Any CPU.ActiveCfg = Debug|Any CPU
		{C6B39330-688E-EEA0-4755-0C953985E75D}.Debug|Any CPU.Build.0 = Debug|Any CPU
		{C6B39330-688E-EEA0-4755-0C953985E75D}.Release|Any CPU.ActiveCfg = Release|Any CPU
		{C6B39330-688E-EEA0-4755-0C953985E75D}.Release|Any CPU.Build.0 = Release|Any CPU
		{47A776B3-600E-85B1-4372-4F52C33C2417}.Debug|Any CPU.ActiveCfg = Debug|Any CPU
		{47A776B3-600E-85B1-4372-4F52C33C2417}.Debug|Any CPU.Build.0 = Debug|Any CPU
		{47A776B3-600E-85B1-4372-4F52C33C2417}.Release|Any CPU.ActiveCfg = Release|Any CPU
		{47A776B3-600E-85B1-4372-4F52C33C2417}.Release|Any CPU.Build.0 = Release|Any CPU
		{9C011457-352A-C6FC-96E6-709C9FD6AB7A}.Debug|Any CPU.ActiveCfg = Debug|Any CPU
		{9C011457-352A-C6FC-96E6-709C9FD6AB7A}.Debug|Any CPU.Build.0 = Debug|Any CPU
		{9C011457-352A-C6FC-96E6-709C9FD6AB7A}.Release|Any CPU.ActiveCfg = Release|Any CPU
		{9C011457-352A-C6FC-96E6-709C9FD6AB7A}.Release|Any CPU.Build.0 = Release|Any CPU
	EndGlobalSection
	GlobalSection(SolutionProperties) = preSolution
		HideSolutionNode = FALSE
	EndGlobalSection
EndGlobal
